
Microsoft Visual Studio Solution File, Format Version 12.00
# Visual Studio 2013
VisualStudioVersion = 12.0.21005.1
MinimumVisualStudioVersion = 10.0.40219.1
Project("{FAE04EC0-301F-11D3-BF4B-00C04F79EFBC}") = "MyLibrary", "MyLibrary\MyLibrary.csproj", "{638FEF1F-6D78-4328-A211-3B0C5E0BB346}"
EndProject
Project("{FAE04EC0-301F-11D3-BF4B-00C04F79EFBC}") = "TestOfLibrary", "TestOfLibrary\TestOfLibrary.csproj", "{ED83B9E1-DEA1-49A3-976F-04997EA41DE4}"
EndProject
Global
	GlobalSection(SolutionConfigurationPlatforms) = preSolution
		Debug|Any CPU = Debug|Any CPU
		Release|Any CPU = Release|Any CPU
	EndGlobalSection
	GlobalSection(ProjectConfigurationPlatforms) = postSolution
		{638FEF1F-6D78-4328-A211-3B0C5E0BB346}.Debug|Any CPU.ActiveCfg = Debug|Any CPU
		{638FEF1F-6D78-4328-A211-3B0C5E0BB346}.Debug|Any CPU.Build.0 = Debug|Any CPU
		{638FEF1F-6D78-4328-A211-3B0C5E0BB346}.Release|Any CPU.ActiveCfg = Release|Any CPU
		{638FEF1F-6D78-4328-A211-3B0C5E0BB346}.Release|Any CPU.Build.0 = Release|Any CPU
		{ED83B9E1-DEA1-49A3-976F-04997EA41DE4}.Debug|Any CPU.ActiveCfg = Debug|Any CPU
		{ED83B9E1-DEA1-49A3-976F-04997EA41DE4}.Debug|Any CPU.Build.0 = Debug|Any CPU
		{ED83B9E1-DEA1-49A3-976F-04997EA41DE4}.Release|Any CPU.ActiveCfg = Release|Any CPU
		{ED83B9E1-DEA1-49A3-976F-04997EA41DE4}.Release|Any CPU.Build.0 = Release|Any CPU
	EndGlobalSection
	GlobalSection(SolutionProperties) = preSolution
		HideSolutionNode = FALSE
	EndGlobalSection
EndGlobal
