
Microsoft Visual Studio Solution File, Format Version 12.00
# Visual Studio 2013
VisualStudioVersion = 12.0.30723.0
MinimumVisualStudioVersion = 10.0.40219.1
Project("{FAE04EC0-301F-11D3-BF4B-00C04F79EFBC}") = "TestList", "TestList\TestList.csproj", "{6C63076A-1BBE-46DF-A36E-0AAE871A6AED}"
EndProject
Project("{FAE04EC0-301F-11D3-BF4B-00C04F79EFBC}") = "MyLinkedList", "MyLinkedList\MyLinkedList.csproj", "{3ECF3E7C-87BD-4A50-BBC9-C68FEDB60D4D}"
EndProject
Global
	GlobalSection(SolutionConfigurationPlatforms) = preSolution
		Debug|Any CPU = Debug|Any CPU
		Release|Any CPU = Release|Any CPU
	EndGlobalSection
	GlobalSection(ProjectConfigurationPlatforms) = postSolution
		{6C63076A-1BBE-46DF-A36E-0AAE871A6AED}.Debug|Any CPU.ActiveCfg = Debug|Any CPU
		{6C63076A-1BBE-46DF-A36E-0AAE871A6AED}.Debug|Any CPU.Build.0 = Debug|Any CPU
		{6C63076A-1BBE-46DF-A36E-0AAE871A6AED}.Release|Any CPU.ActiveCfg = Release|Any CPU
		{6C63076A-1BBE-46DF-A36E-0AAE871A6AED}.Release|Any CPU.Build.0 = Release|Any CPU
		{3ECF3E7C-87BD-4A50-BBC9-C68FEDB60D4D}.Debug|Any CPU.ActiveCfg = Debug|Any CPU
		{3ECF3E7C-87BD-4A50-BBC9-C68FEDB60D4D}.Debug|Any CPU.Build.0 = Debug|Any CPU
		{3ECF3E7C-87BD-4A50-BBC9-C68FEDB60D4D}.Release|Any CPU.ActiveCfg = Release|Any CPU
		{3ECF3E7C-87BD-4A50-BBC9-C68FEDB60D4D}.Release|Any CPU.Build.0 = Release|Any CPU
	EndGlobalSection
	GlobalSection(SolutionProperties) = preSolution
		HideSolutionNode = FALSE
	EndGlobalSection
EndGlobal
